
Microsoft Visual Studio Solution File, Format Version 12.00
# Visual Studio Version 16
VisualStudioVersion = 16.0.31112.23
MinimumVisualStudioVersion = 10.0.40219.1
Project("{9A19103F-16F7-4668-BE54-9A1E7A4F7556}") = "HelloFromVS", "HelloFromVS\HelloFromVS.csproj", "{2252D217-E1FF-4560-927C-43B634710743}"
EndProject
Project("{9A19103F-16F7-4668-BE54-9A1E7A4F7556}") = "CarsInvetoryApp", "CarsInvetoryApp\CarsInvetoryApp.csproj", "{D3F510F2-041D-4243-96F0-7EDB2D16B191}"
EndProject
Project("{9A19103F-16F7-4668-BE54-9A1E7A4F7556}") = "BankApp", "BankApp\BankApp.csproj", "{EEE1E09B-501C-415D-A18E-D530376E980F}"
EndProject
Project("{9A19103F-16F7-4668-BE54-9A1E7A4F7556}") = "StaticStuff", "StaticStuff\StaticStuff.csproj", "{0CA9A06B-9FD9-4F4E-8073-2AD3B8878D8C}"
EndProject
Project("{9A19103F-16F7-4668-BE54-9A1E7A4F7556}") = "Shapy", "Shapy\Shapy.csproj", "{75BB8A75-17DE-43B7-B88F-66FB8DCF8B07}"
EndProject
Project("{9A19103F-16F7-4668-BE54-9A1E7A4F7556}") = "CollectionsAndGenerics", "CollectionsAndGenerics\CollectionsAndGenerics.csproj", "{F93171BB-7C6E-4924-8C44-CB983D8FB9E7}"
EndProject
Project("{9A19103F-16F7-4668-BE54-9A1E7A4F7556}") = "Interfaces", "Interfaces\Interfaces.csproj", "{5D81F0FC-8FA8-4523-834A-F830FA8CBCA6}"
EndProject
Project("{9A19103F-16F7-4668-BE54-9A1E7A4F7556}") = "AvanadeBank", "AvanadeBank\AvanadeBank.csproj", "{60D80030-2247-407E-B692-4EB7777D7365}"
EndProject
Project("{9A19103F-16F7-4668-BE54-9A1E7A4F7556}") = "UsingPackages", "UsingPackages\UsingPackages.csproj", "{911F0A82-10A6-4107-A845-88459779F890}"
EndProject
Project("{9A19103F-16F7-4668-BE54-9A1E7A4F7556}") = "ArithmeticApp", "ArithmeticApp\ArithmeticApp.csproj", "{7CC93BD2-FEC0-4407-A815-C1FF000E44BC}"
EndProject
Project("{9A19103F-16F7-4668-BE54-9A1E7A4F7556}") = "ArithmeticApp.Tests", "ArithmeticApp.Tests\ArithmeticApp.Tests.csproj", "{DF158F35-D67A-4C3E-AB98-1354939A9846}"
EndProject
Project("{2150E333-8FDC-42A3-9474-1A3956D46DE8}") = "Teaching", "Teaching", "{3504E1F4-D769-4528-AF81-129BC00EC551}"
EndProject
Project("{2150E333-8FDC-42A3-9474-1A3956D46DE8}") = "Exercises", "Exercises", "{A3AACBF9-3705-448E-B450-815A645071A0}"
EndProject
Project("{FAE04EC0-301F-11D3-BF4B-00C04F79EFBC}") = "CodingEnvironments", "Exercises\CodingEnvironments\CodingEnvironments.csproj", "{CD928A5B-810E-4047-8798-BC40D7AA8E94}"
EndProject
Project("{FAE04EC0-301F-11D3-BF4B-00C04F79EFBC}") = "UserInput", "Exercises\UserInput\UserInput.csproj", "{2CC668D3-C4BD-4128-AE8F-75E1A93BE729}"
EndProject
Project("{FAE04EC0-301F-11D3-BF4B-00C04F79EFBC}") = "Loops", "Exercises\Loops\Loops.csproj", "{4146B782-8FED-41EF-AAD6-6DB209C52845}"
EndProject
Project("{FAE04EC0-301F-11D3-BF4B-00C04F79EFBC}") = "Stringy", "Exercises\Stringy\Stringy.csproj", "{6F61941C-2F0A-4347-AE93-482368EEDAF2}"
EndProject
Project("{FAE04EC0-301F-11D3-BF4B-00C04F79EFBC}") = "Matho", "Exercises\Matho\Matho.csproj", "{B1D85ECE-34B5-45C2-A23A-C2CC39B523E0}"
EndProject
Project("{FAE04EC0-301F-11D3-BF4B-00C04F79EFBC}") = "Arrayz", "Exercises\Arrayz\Arrayz.csproj", "{A5369A98-D9E3-4986-9C21-953D43AEDF94}"
EndProject
Project("{FAE04EC0-301F-11D3-BF4B-00C04F79EFBC}") = "Overloader", "Exercises\Overloader\Overloader.csproj", "{78E15350-1C41-4AD2-A479-378F6100D808}"
EndProject
Global
	GlobalSection(SolutionConfigurationPlatforms) = preSolution
		Debug|Any CPU = Debug|Any CPU
		Release|Any CPU = Release|Any CPU
	EndGlobalSection
	GlobalSection(ProjectConfigurationPlatforms) = postSolution
		{2252D217-E1FF-4560-927C-43B634710743}.Debug|Any CPU.ActiveCfg = Debug|Any CPU
		{2252D217-E1FF-4560-927C-43B634710743}.Debug|Any CPU.Build.0 = Debug|Any CPU
		{2252D217-E1FF-4560-927C-43B634710743}.Release|Any CPU.ActiveCfg = Release|Any CPU
		{2252D217-E1FF-4560-927C-43B634710743}.Release|Any CPU.Build.0 = Release|Any CPU
		{D3F510F2-041D-4243-96F0-7EDB2D16B191}.Debug|Any CPU.ActiveCfg = Debug|Any CPU
		{D3F510F2-041D-4243-96F0-7EDB2D16B191}.Debug|Any CPU.Build.0 = Debug|Any CPU
		{D3F510F2-041D-4243-96F0-7EDB2D16B191}.Release|Any CPU.ActiveCfg = Release|Any CPU
		{D3F510F2-041D-4243-96F0-7EDB2D16B191}.Release|Any CPU.Build.0 = Release|Any CPU
		{EEE1E09B-501C-415D-A18E-D530376E980F}.Debug|Any CPU.ActiveCfg = Debug|Any CPU
		{EEE1E09B-501C-415D-A18E-D530376E980F}.Debug|Any CPU.Build.0 = Debug|Any CPU
		{EEE1E09B-501C-415D-A18E-D530376E980F}.Release|Any CPU.ActiveCfg = Release|Any CPU
		{EEE1E09B-501C-415D-A18E-D530376E980F}.Release|Any CPU.Build.0 = Release|Any CPU
		{0CA9A06B-9FD9-4F4E-8073-2AD3B8878D8C}.Debug|Any CPU.ActiveCfg = Debug|Any CPU
		{0CA9A06B-9FD9-4F4E-8073-2AD3B8878D8C}.Debug|Any CPU.Build.0 = Debug|Any CPU
		{0CA9A06B-9FD9-4F4E-8073-2AD3B8878D8C}.Release|Any CPU.ActiveCfg = Release|Any CPU
		{0CA9A06B-9FD9-4F4E-8073-2AD3B8878D8C}.Release|Any CPU.Build.0 = Release|Any CPU
		{75BB8A75-17DE-43B7-B88F-66FB8DCF8B07}.Debug|Any CPU.ActiveCfg = Debug|Any CPU
		{75BB8A75-17DE-43B7-B88F-66FB8DCF8B07}.Debug|Any CPU.Build.0 = Debug|Any CPU
		{75BB8A75-17DE-43B7-B88F-66FB8DCF8B07}.Release|Any CPU.ActiveCfg = Release|Any CPU
		{75BB8A75-17DE-43B7-B88F-66FB8DCF8B07}.Release|Any CPU.Build.0 = Release|Any CPU
		{F93171BB-7C6E-4924-8C44-CB983D8FB9E7}.Debug|Any CPU.ActiveCfg = Debug|Any CPU
		{F93171BB-7C6E-4924-8C44-CB983D8FB9E7}.Debug|Any CPU.Build.0 = Debug|Any CPU
		{F93171BB-7C6E-4924-8C44-CB983D8FB9E7}.Release|Any CPU.ActiveCfg = Release|Any CPU
		{F93171BB-7C6E-4924-8C44-CB983D8FB9E7}.Release|Any CPU.Build.0 = Release|Any CPU
		{5D81F0FC-8FA8-4523-834A-F830FA8CBCA6}.Debug|Any CPU.ActiveCfg = Debug|Any CPU
		{5D81F0FC-8FA8-4523-834A-F830FA8CBCA6}.Debug|Any CPU.Build.0 = Debug|Any CPU
		{5D81F0FC-8FA8-4523-834A-F830FA8CBCA6}.Release|Any CPU.ActiveCfg = Release|Any CPU
		{5D81F0FC-8FA8-4523-834A-F830FA8CBCA6}.Release|Any CPU.Build.0 = Release|Any CPU
		{60D80030-2247-407E-B692-4EB7777D7365}.Debug|Any CPU.ActiveCfg = Debug|Any CPU
		{60D80030-2247-407E-B692-4EB7777D7365}.Debug|Any CPU.Build.0 = Debug|Any CPU
		{60D80030-2247-407E-B692-4EB7777D7365}.Release|Any CPU.ActiveCfg = Release|Any CPU
		{60D80030-2247-407E-B692-4EB7777D7365}.Release|Any CPU.Build.0 = Release|Any CPU
		{911F0A82-10A6-4107-A845-88459779F890}.Debug|Any CPU.ActiveCfg = Debug|Any CPU
		{911F0A82-10A6-4107-A845-88459779F890}.Debug|Any CPU.Build.0 = Debug|Any CPU
		{911F0A82-10A6-4107-A845-88459779F890}.Release|Any CPU.ActiveCfg = Release|Any CPU
		{911F0A82-10A6-4107-A845-88459779F890}.Release|Any CPU.Build.0 = Release|Any CPU
		{7CC93BD2-FEC0-4407-A815-C1FF000E44BC}.Debug|Any CPU.ActiveCfg = Debug|Any CPU
		{7CC93BD2-FEC0-4407-A815-C1FF000E44BC}.Debug|Any CPU.Build.0 = Debug|Any CPU
		{7CC93BD2-FEC0-4407-A815-C1FF000E44BC}.Release|Any CPU.ActiveCfg = Release|Any CPU
		{7CC93BD2-FEC0-4407-A815-C1FF000E44BC}.Release|Any CPU.Build.0 = Release|Any CPU
		{DF158F35-D67A-4C3E-AB98-1354939A9846}.Debug|Any CPU.ActiveCfg = Debug|Any CPU
		{DF158F35-D67A-4C3E-AB98-1354939A9846}.Debug|Any CPU.Build.0 = Debug|Any CPU
		{DF158F35-D67A-4C3E-AB98-1354939A9846}.Release|Any CPU.ActiveCfg = Release|Any CPU
		{DF158F35-D67A-4C3E-AB98-1354939A9846}.Release|Any CPU.Build.0 = Release|Any CPU
		{CD928A5B-810E-4047-8798-BC40D7AA8E94}.Debug|Any CPU.ActiveCfg = Debug|Any CPU
		{CD928A5B-810E-4047-8798-BC40D7AA8E94}.Debug|Any CPU.Build.0 = Debug|Any CPU
		{CD928A5B-810E-4047-8798-BC40D7AA8E94}.Release|Any CPU.ActiveCfg = Release|Any CPU
		{CD928A5B-810E-4047-8798-BC40D7AA8E94}.Release|Any CPU.Build.0 = Release|Any CPU
		{2CC668D3-C4BD-4128-AE8F-75E1A93BE729}.Debug|Any CPU.ActiveCfg = Debug|Any CPU
		{2CC668D3-C4BD-4128-AE8F-75E1A93BE729}.Debug|Any CPU.Build.0 = Debug|Any CPU
		{2CC668D3-C4BD-4128-AE8F-75E1A93BE729}.Release|Any CPU.ActiveCfg = Release|Any CPU
		{2CC668D3-C4BD-4128-AE8F-75E1A93BE729}.Release|Any CPU.Build.0 = Release|Any CPU
		{4146B782-8FED-41EF-AAD6-6DB209C52845}.Debug|Any CPU.ActiveCfg = Debug|Any CPU
		{4146B782-8FED-41EF-AAD6-6DB209C52845}.Debug|Any CPU.Build.0 = Debug|Any CPU
		{4146B782-8FED-41EF-AAD6-6DB209C52845}.Release|Any CPU.ActiveCfg = Release|Any CPU
		{4146B782-8FED-41EF-AAD6-6DB209C52845}.Release|Any CPU.Build.0 = Release|Any CPU
		{6F61941C-2F0A-4347-AE93-482368EEDAF2}.Debug|Any CPU.ActiveCfg = Debug|Any CPU
		{6F61941C-2F0A-4347-AE93-482368EEDAF2}.Debug|Any CPU.Build.0 = Debug|Any CPU
		{6F61941C-2F0A-4347-AE93-482368EEDAF2}.Release|Any CPU.ActiveCfg = Release|Any CPU
		{6F61941C-2F0A-4347-AE93-482368EEDAF2}.Release|Any CPU.Build.0 = Release|Any CPU
		{B1D85ECE-34B5-45C2-A23A-C2CC39B523E0}.Debug|Any CPU.ActiveCfg = Debug|Any CPU
		{B1D85ECE-34B5-45C2-A23A-C2CC39B523E0}.Debug|Any CPU.Build.0 = Debug|Any CPU
		{B1D85ECE-34B5-45C2-A23A-C2CC39B523E0}.Release|Any CPU.ActiveCfg = Release|Any CPU
		{B1D85ECE-34B5-45C2-A23A-C2CC39B523E0}.Release|Any CPU.Build.0 = Release|Any CPU
		{A5369A98-D9E3-4986-9C21-953D43AEDF94}.Debug|Any CPU.ActiveCfg = Debug|Any CPU
		{A5369A98-D9E3-4986-9C21-953D43AEDF94}.Debug|Any CPU.Build.0 = Debug|Any CPU
		{A5369A98-D9E3-4986-9C21-953D43AEDF94}.Release|Any CPU.ActiveCfg = Release|Any CPU
		{A5369A98-D9E3-4986-9C21-953D43AEDF94}.Release|Any CPU.Build.0 = Release|Any CPU
		{78E15350-1C41-4AD2-A479-378F6100D808}.Debug|Any CPU.ActiveCfg = Debug|Any CPU
		{78E15350-1C41-4AD2-A479-378F6100D808}.Debug|Any CPU.Build.0 = Debug|Any CPU
		{78E15350-1C41-4AD2-A479-378F6100D808}.Release|Any CPU.ActiveCfg = Release|Any CPU
		{78E15350-1C41-4AD2-A479-378F6100D808}.Release|Any CPU.Build.0 = Release|Any CPU
	EndGlobalSection
	GlobalSection(SolutionProperties) = preSolution
		HideSolutionNode = FALSE
	EndGlobalSection
	GlobalSection(NestedProjects) = preSolution
		{2252D217-E1FF-4560-927C-43B634710743} = {3504E1F4-D769-4528-AF81-129BC00EC551}
		{D3F510F2-041D-4243-96F0-7EDB2D16B191} = {3504E1F4-D769-4528-AF81-129BC00EC551}
		{EEE1E09B-501C-415D-A18E-D530376E980F} = {3504E1F4-D769-4528-AF81-129BC00EC551}
		{0CA9A06B-9FD9-4F4E-8073-2AD3B8878D8C} = {3504E1F4-D769-4528-AF81-129BC00EC551}
		{75BB8A75-17DE-43B7-B88F-66FB8DCF8B07} = {3504E1F4-D769-4528-AF81-129BC00EC551}
		{F93171BB-7C6E-4924-8C44-CB983D8FB9E7} = {3504E1F4-D769-4528-AF81-129BC00EC551}
		{5D81F0FC-8FA8-4523-834A-F830FA8CBCA6} = {3504E1F4-D769-4528-AF81-129BC00EC551}
		{60D80030-2247-407E-B692-4EB7777D7365} = {3504E1F4-D769-4528-AF81-129BC00EC551}
		{911F0A82-10A6-4107-A845-88459779F890} = {3504E1F4-D769-4528-AF81-129BC00EC551}
		{7CC93BD2-FEC0-4407-A815-C1FF000E44BC} = {3504E1F4-D769-4528-AF81-129BC00EC551}
		{DF158F35-D67A-4C3E-AB98-1354939A9846} = {3504E1F4-D769-4528-AF81-129BC00EC551}
		{CD928A5B-810E-4047-8798-BC40D7AA8E94} = {A3AACBF9-3705-448E-B450-815A645071A0}
		{2CC668D3-C4BD-4128-AE8F-75E1A93BE729} = {A3AACBF9-3705-448E-B450-815A645071A0}
		{4146B782-8FED-41EF-AAD6-6DB209C52845} = {A3AACBF9-3705-448E-B450-815A645071A0}
		{6F61941C-2F0A-4347-AE93-482368EEDAF2} = {A3AACBF9-3705-448E-B450-815A645071A0}
		{B1D85ECE-34B5-45C2-A23A-C2CC39B523E0} = {A3AACBF9-3705-448E-B450-815A645071A0}
		{A5369A98-D9E3-4986-9C21-953D43AEDF94} = {A3AACBF9-3705-448E-B450-815A645071A0}
		{78E15350-1C41-4AD2-A479-378F6100D808} = {A3AACBF9-3705-448E-B450-815A645071A0}
	EndGlobalSection
	GlobalSection(ExtensibilityGlobals) = postSolution
		SolutionGuid = {5BEA11F0-9C8C-4781-9FAA-017627D84B28}
	EndGlobalSection
EndGlobal
