
Microsoft Visual Studio Solution File, Format Version 12.00
# Visual Studio Version 16
VisualStudioVersion = 16.0.31112.23
MinimumVisualStudioVersion = 10.0.40219.1
Project("{9A19103F-16F7-4668-BE54-9A1E7A4F7556}") = "HelloFromVS", "HelloFromVS\HelloFromVS.csproj", "{2252D217-E1FF-4560-927C-43B634710743}"
EndProject
Project("{9A19103F-16F7-4668-BE54-9A1E7A4F7556}") = "CarsInvetoryApp", "CarsInvetoryApp\CarsInvetoryApp.csproj", "{D3F510F2-041D-4243-96F0-7EDB2D16B191}"
EndProject
Project("{FAE04EC0-301F-11D3-BF4B-00C04F79EFBC}") = "BankApp", "BankApp\BankApp.csproj", "{EEE1E09B-501C-415D-A18E-D530376E980F}"
EndProject
Project("{FAE04EC0-301F-11D3-BF4B-00C04F79EFBC}") = "StaticStuff", "StaticStuff\StaticStuff.csproj", "{0CA9A06B-9FD9-4F4E-8073-2AD3B8878D8C}"
EndProject
Project("{FAE04EC0-301F-11D3-BF4B-00C04F79EFBC}") = "Shapy", "Shapy\Shapy.csproj", "{75BB8A75-17DE-43B7-B88F-66FB8DCF8B07}"
EndProject
Project("{FAE04EC0-301F-11D3-BF4B-00C04F79EFBC}") = "CollectionsAndGenerics", "CollectionsAndGenerics\CollectionsAndGenerics.csproj", "{F93171BB-7C6E-4924-8C44-CB983D8FB9E7}"
EndProject
Project("{FAE04EC0-301F-11D3-BF4B-00C04F79EFBC}") = "Interfaces", "Interfaces\Interfaces.csproj", "{5D81F0FC-8FA8-4523-834A-F830FA8CBCA6}"
EndProject
Project("{FAE04EC0-301F-11D3-BF4B-00C04F79EFBC}") = "AvanadeBank", "AvanadeBank\AvanadeBank.csproj", "{60D80030-2247-407E-B692-4EB7777D7365}"
EndProject
Global
	GlobalSection(SolutionConfigurationPlatforms) = preSolution
		Debug|Any CPU = Debug|Any CPU
		Release|Any CPU = Release|Any CPU
	EndGlobalSection
	GlobalSection(ProjectConfigurationPlatforms) = postSolution
		{2252D217-E1FF-4560-927C-43B634710743}.Debug|Any CPU.ActiveCfg = Debug|Any CPU
		{2252D217-E1FF-4560-927C-43B634710743}.Debug|Any CPU.Build.0 = Debug|Any CPU
		{2252D217-E1FF-4560-927C-43B634710743}.Release|Any CPU.ActiveCfg = Release|Any CPU
		{2252D217-E1FF-4560-927C-43B634710743}.Release|Any CPU.Build.0 = Release|Any CPU
		{D3F510F2-041D-4243-96F0-7EDB2D16B191}.Debug|Any CPU.ActiveCfg = Debug|Any CPU
		{D3F510F2-041D-4243-96F0-7EDB2D16B191}.Debug|Any CPU.Build.0 = Debug|Any CPU
		{D3F510F2-041D-4243-96F0-7EDB2D16B191}.Release|Any CPU.ActiveCfg = Release|Any CPU
		{D3F510F2-041D-4243-96F0-7EDB2D16B191}.Release|Any CPU.Build.0 = Release|Any CPU
		{EEE1E09B-501C-415D-A18E-D530376E980F}.Debug|Any CPU.ActiveCfg = Debug|Any CPU
		{EEE1E09B-501C-415D-A18E-D530376E980F}.Debug|Any CPU.Build.0 = Debug|Any CPU
		{EEE1E09B-501C-415D-A18E-D530376E980F}.Release|Any CPU.ActiveCfg = Release|Any CPU
		{EEE1E09B-501C-415D-A18E-D530376E980F}.Release|Any CPU.Build.0 = Release|Any CPU
		{0CA9A06B-9FD9-4F4E-8073-2AD3B8878D8C}.Debug|Any CPU.ActiveCfg = Debug|Any CPU
		{0CA9A06B-9FD9-4F4E-8073-2AD3B8878D8C}.Debug|Any CPU.Build.0 = Debug|Any CPU
		{0CA9A06B-9FD9-4F4E-8073-2AD3B8878D8C}.Release|Any CPU.ActiveCfg = Release|Any CPU
		{0CA9A06B-9FD9-4F4E-8073-2AD3B8878D8C}.Release|Any CPU.Build.0 = Release|Any CPU
		{75BB8A75-17DE-43B7-B88F-66FB8DCF8B07}.Debug|Any CPU.ActiveCfg = Debug|Any CPU
		{75BB8A75-17DE-43B7-B88F-66FB8DCF8B07}.Debug|Any CPU.Build.0 = Debug|Any CPU
		{75BB8A75-17DE-43B7-B88F-66FB8DCF8B07}.Release|Any CPU.ActiveCfg = Release|Any CPU
		{75BB8A75-17DE-43B7-B88F-66FB8DCF8B07}.Release|Any CPU.Build.0 = Release|Any CPU
		{F93171BB-7C6E-4924-8C44-CB983D8FB9E7}.Debug|Any CPU.ActiveCfg = Debug|Any CPU
		{F93171BB-7C6E-4924-8C44-CB983D8FB9E7}.Debug|Any CPU.Build.0 = Debug|Any CPU
		{F93171BB-7C6E-4924-8C44-CB983D8FB9E7}.Release|Any CPU.ActiveCfg = Release|Any CPU
		{F93171BB-7C6E-4924-8C44-CB983D8FB9E7}.Release|Any CPU.Build.0 = Release|Any CPU
		{5D81F0FC-8FA8-4523-834A-F830FA8CBCA6}.Debug|Any CPU.ActiveCfg = Debug|Any CPU
		{5D81F0FC-8FA8-4523-834A-F830FA8CBCA6}.Debug|Any CPU.Build.0 = Debug|Any CPU
		{5D81F0FC-8FA8-4523-834A-F830FA8CBCA6}.Release|Any CPU.ActiveCfg = Release|Any CPU
		{5D81F0FC-8FA8-4523-834A-F830FA8CBCA6}.Release|Any CPU.Build.0 = Release|Any CPU
		{60D80030-2247-407E-B692-4EB7777D7365}.Debug|Any CPU.ActiveCfg = Debug|Any CPU
		{60D80030-2247-407E-B692-4EB7777D7365}.Debug|Any CPU.Build.0 = Debug|Any CPU
		{60D80030-2247-407E-B692-4EB7777D7365}.Release|Any CPU.ActiveCfg = Release|Any CPU
		{60D80030-2247-407E-B692-4EB7777D7365}.Release|Any CPU.Build.0 = Release|Any CPU
	EndGlobalSection
	GlobalSection(SolutionProperties) = preSolution
		HideSolutionNode = FALSE
	EndGlobalSection
	GlobalSection(ExtensibilityGlobals) = postSolution
		SolutionGuid = {5BEA11F0-9C8C-4781-9FAA-017627D84B28}
	EndGlobalSection
EndGlobal
